// !$*UTF8*$!
{
	archiveVersion = 1;
	classes = {
	};
	objectVersion = 56;
	objects = {

/* Begin PBXBuildFile section */
		305610292B3627C800D57CF4 /* AWSTranslate in Frameworks */ = {isa = PBXBuildFile; productRef = 305610282B3627C800D57CF4 /* AWSTranslate */; };
		3064DE972B2349290059FDE7 /* AppDelegate.swift in Sources */ = {isa = PBXBuildFile; fileRef = 3064DE962B2349290059FDE7 /* AppDelegate.swift */; };
		3064DE992B2349290059FDE7 /* SceneDelegate.swift in Sources */ = {isa = PBXBuildFile; fileRef = 3064DE982B2349290059FDE7 /* SceneDelegate.swift */; };
		3064DE9B2B2349290059FDE7 /* ViewController.swift in Sources */ = {isa = PBXBuildFile; fileRef = 3064DE9A2B2349290059FDE7 /* ViewController.swift */; };
		3064DE9E2B2349290059FDE7 /* Main.storyboard in Resources */ = {isa = PBXBuildFile; fileRef = 3064DE9C2B2349290059FDE7 /* Main.storyboard */; };
		3064DEA02B23492A0059FDE7 /* Assets.xcassets in Resources */ = {isa = PBXBuildFile; fileRef = 3064DE9F2B23492A0059FDE7 /* Assets.xcassets */; };
		3064DEA32B23492A0059FDE7 /* LaunchScreen.storyboard in Resources */ = {isa = PBXBuildFile; fileRef = 3064DEA12B23492A0059FDE7 /* LaunchScreen.storyboard */; };
/* End PBXBuildFile section */

/* Begin PBXFileReference section */
		3064DE932B2349290059FDE7 /* AmazonTranslateSwift.app */ = {isa = PBXFileReference; explicitFileType = wrapper.application; includeInIndex = 0; path = AmazonTranslateSwift.app; sourceTree = BUILT_PRODUCTS_DIR; };
		3064DE962B2349290059FDE7 /* AppDelegate.swift */ = {isa = PBXFileReference; lastKnownFileType = sourcecode.swift; path = AppDelegate.swift; sourceTree = "<group>"; };
		3064DE982B2349290059FDE7 /* SceneDelegate.swift */ = {isa = PBXFileReference; lastKnownFileType = sourcecode.swift; path = SceneDelegate.swift; sourceTree = "<group>"; };
		3064DE9A2B2349290059FDE7 /* ViewController.swift */ = {isa = PBXFileReference; lastKnownFileType = sourcecode.swift; path = ViewController.swift; sourceTree = "<group>"; };
		3064DE9D2B2349290059FDE7 /* Base */ = {isa = PBXFileReference; lastKnownFileType = file.storyboard; name = Base; path = Base.lproj/Main.storyboard; sourceTree = "<group>"; };
		3064DE9F2B23492A0059FDE7 /* Assets.xcassets */ = {isa = PBXFileReference; lastKnownFileType = folder.assetcatalog; path = Assets.xcassets; sourceTree = "<group>"; };
		3064DEA22B23492A0059FDE7 /* Base */ = {isa = PBXFileReference; lastKnownFileType = file.storyboard; name = Base; path = Base.lproj/LaunchScreen.storyboard; sourceTree = "<group>"; };
		3064DEA42B23492A0059FDE7 /* Info.plist */ = {isa = PBXFileReference; lastKnownFileType = text.plist.xml; path = Info.plist; sourceTree = "<group>"; };
/* End PBXFileReference section */

/* Begin PBXFrameworksBuildPhase section */
		3064DE902B2349290059FDE7 /* Frameworks */ = {
			isa = PBXFrameworksBuildPhase;
			buildActionMask = 2147483647;
			files = (
				305610292B3627C800D57CF4 /* AWSTranslate in Frameworks */,
			);
			runOnlyForDeploymentPostprocessing = 0;
		};
/* End PBXFrameworksBuildPhase section */

/* Begin PBXGroup section */
		3064DE8A2B2349290059FDE7 = {
			isa = PBXGroup;
			children = (
				3064DE952B2349290059FDE7 /* AmazonTranslateSwift */,
				3064DE942B2349290059FDE7 /* Products */,
			);
			sourceTree = "<group>";
		};
		3064DE942B2349290059FDE7 /* Products */ = {
			isa = PBXGroup;
			children = (
				3064DE932B2349290059FDE7 /* AmazonTranslateSwift.app */,
			);
			name = Products;
			sourceTree = "<group>";
		};
		3064DE952B2349290059FDE7 /* AmazonTranslateSwift */ = {
			isa = PBXGroup;
			children = (
				3064DE962B2349290059FDE7 /* AppDelegate.swift */,
				3064DE982B2349290059FDE7 /* SceneDelegate.swift */,
				3064DE9A2B2349290059FDE7 /* ViewController.swift */,
				3064DE9C2B2349290059FDE7 /* Main.storyboard */,
				3064DE9F2B23492A0059FDE7 /* Assets.xcassets */,
				3064DEA12B23492A0059FDE7 /* LaunchScreen.storyboard */,
				3064DEA42B23492A0059FDE7 /* Info.plist */,
			);
			path = AmazonTranslateSwift;
			sourceTree = "<group>";
		};
/* End PBXGroup section */

/* Begin PBXNativeTarget section */
		3064DE922B2349290059FDE7 /* AmazonTranslateSwift */ = {
			isa = PBXNativeTarget;
			buildConfigurationList = 3064DEA72B23492A0059FDE7 /* Build configuration list for PBXNativeTarget "AmazonTranslateSwift" */;
			buildPhases = (
				3064DE8F2B2349290059FDE7 /* Sources */,
				3064DE902B2349290059FDE7 /* Frameworks */,
				3064DE912B2349290059FDE7 /* Resources */,
			);
			buildRules = (
			);
			dependencies = (
			);
			name = AmazonTranslateSwift;
			packageProductDependencies = (
				305610282B3627C800D57CF4 /* AWSTranslate */,
			);
			productName = AmazonTranslateSwift;
			productReference = 3064DE932B2349290059FDE7 /* AmazonTranslateSwift.app */;
			productType = "com.apple.product-type.application";
		};
/* End PBXNativeTarget section */

/* Begin PBXProject section */
		3064DE8B2B2349290059FDE7 /* Project object */ = {
			isa = PBXProject;
			attributes = {
				BuildIndependentTargetsInParallel = 1;
				LastSwiftUpdateCheck = 1500;
				LastUpgradeCheck = 1500;
				TargetAttributes = {
					3064DE922B2349290059FDE7 = {
						CreatedOnToolsVersion = 15.0.1;
					};
				};
			};
			buildConfigurationList = 3064DE8E2B2349290059FDE7 /* Build configuration list for PBXProject "AmazonTranslateSwift" */;
			compatibilityVersion = "Xcode 14.0";
			developmentRegion = en;
			hasScannedForEncodings = 0;
			knownRegions = (
				en,
				Base,
			);
			mainGroup = 3064DE8A2B2349290059FDE7;
			packageReferences = (
				30560FCD2B3627C800D57CF4 /* XCRemoteSwiftPackageReference "aws-sdk-ios-spm" */,
			);
			productRefGroup = 3064DE942B2349290059FDE7 /* Products */;
			projectDirPath = "";
			projectRoot = "";
			targets = (
				3064DE922B2349290059FDE7 /* AmazonTranslateSwift */,
			);
		};
/* End PBXProject section */

/* Begin PBXResourcesBuildPhase section */
		3064DE912B2349290059FDE7 /* Resources */ = {
			isa = PBXResourcesBuildPhase;
			buildActionMask = 2147483647;
			files = (
				3064DEA32B23492A0059FDE7 /* LaunchScreen.storyboard in Resources */,
				3064DEA02B23492A0059FDE7 /* Assets.xcassets in Resources */,
				3064DE9E2B2349290059FDE7 /* Main.storyboard in Resources */,
			);
			runOnlyForDeploymentPostprocessing = 0;
		};
/* End PBXResourcesBuildPhase section */

/* Begin PBXSourcesBuildPhase section */
		3064DE8F2B2349290059FDE7 /* Sources */ = {
			isa = PBXSourcesBuildPhase;
			buildActionMask = 2147483647;
			files = (
				3064DE9B2B2349290059FDE7 /* ViewController.swift in Sources */,
				3064DE972B2349290059FDE7 /* AppDelegate.swift in Sources */,
				3064DE992B2349290059FDE7 /* SceneDelegate.swift in Sources */,
			);
			runOnlyForDeploymentPostprocessing = 0;
		};
/* End PBXSourcesBuildPhase section */

/* Begin PBXVariantGroup section */
		3064DE9C2B2349290059FDE7 /* Main.storyboard */ = {
			isa = PBXVariantGroup;
			children = (
				3064DE9D2B2349290059FDE7 /* Base */,
			);
			name = Main.storyboard;
			sourceTree = "<group>";
		};
		3064DEA12B23492A0059FDE7 /* LaunchScreen.storyboard */ = {
			isa = PBXVariantGroup;
			children = (
				3064DEA22B23492A0059FDE7 /* Base */,
			);
			name = LaunchScreen.storyboard;
			sourceTree = "<group>";
		};
/* End PBXVariantGroup section */

/* Begin XCBuildConfiguration section */
		3064DEA52B23492A0059FDE7 /* Debug */ = {
			isa = XCBuildConfiguration;
			buildSettings = {
				ALWAYS_SEARCH_USER_PATHS = NO;
				ASSETCATALOG_COMPILER_GENERATE_SWIFT_ASSET_SYMBOL_EXTENSIONS = YES;
				CLANG_ANALYZER_NONNULL = YES;
				CLANG_ANALYZER_NUMBER_OBJECT_CONVERSION = YES_AGGRESSIVE;
				CLANG_CXX_LANGUAGE_STANDARD = "gnu++20";
				CLANG_ENABLE_MODULES = YES;
				CLANG_ENABLE_OBJC_ARC = YES;
				CLANG_ENABLE_OBJC_WEAK = YES;
				CLANG_WARN_BLOCK_CAPTURE_AUTORELEASING = YES;
				CLANG_WARN_BOOL_CONVERSION = YES;
				CLANG_WARN_COMMA = YES;
				CLANG_WARN_CONSTANT_CONVERSION = YES;
				CLANG_WARN_DEPRECATED_OBJC_IMPLEMENTATIONS = YES;
				CLANG_WARN_DIRECT_OBJC_ISA_USAGE = YES_ERROR;
				CLANG_WARN_DOCUMENTATION_COMMENTS = YES;
				CLANG_WARN_EMPTY_BODY = YES;
				CLANG_WARN_ENUM_CONVERSION = YES;
				CLANG_WARN_INFINITE_RECURSION = YES;
				CLANG_WARN_INT_CONVERSION = YES;
				CLANG_WARN_NON_LITERAL_NULL_CONVERSION = YES;
				CLANG_WARN_OBJC_IMPLICIT_RETAIN_SELF = YES;
				CLANG_WARN_OBJC_LITERAL_CONVERSION = YES;
				CLANG_WARN_OBJC_ROOT_CLASS = YES_ERROR;
				CLANG_WARN_QUOTED_INCLUDE_IN_FRAMEWORK_HEADER = YES;
				CLANG_WARN_RANGE_LOOP_ANALYSIS = YES;
				CLANG_WARN_STRICT_PROTOTYPES = YES;
				CLANG_WARN_SUSPICIOUS_MOVE = YES;
				CLANG_WARN_UNGUARDED_AVAILABILITY = YES_AGGRESSIVE;
				CLANG_WARN_UNREACHABLE_CODE = YES;
				CLANG_WARN__DUPLICATE_METHOD_MATCH = YES;
				COPY_PHASE_STRIP = NO;
				DEBUG_INFORMATION_FORMAT = dwarf;
				ENABLE_STRICT_OBJC_MSGSEND = YES;
				ENABLE_TESTABILITY = YES;
				ENABLE_USER_SCRIPT_SANDBOXING = YES;
				GCC_C_LANGUAGE_STANDARD = gnu17;
				GCC_DYNAMIC_NO_PIC = NO;
				GCC_NO_COMMON_BLOCKS = YES;
				GCC_OPTIMIZATION_LEVEL = 0;
				GCC_PREPROCESSOR_DEFINITIONS = (
					"DEBUG=1",
					"$(inherited)",
				);
				GCC_WARN_64_TO_32_BIT_CONVERSION = YES;
				GCC_WARN_ABOUT_RETURN_TYPE = YES_ERROR;
				GCC_WARN_UNDECLARED_SELECTOR = YES;
				GCC_WARN_UNINITIALIZED_AUTOS = YES_AGGRESSIVE;
				GCC_WARN_UNUSED_FUNCTION = YES;
				GCC_WARN_UNUSED_VARIABLE = YES;
				IPHONEOS_DEPLOYMENT_TARGET = 17.0;
				LOCALIZATION_PREFERS_STRING_CATALOGS = YES;
				MTL_ENABLE_DEBUG_INFO = INCLUDE_SOURCE;
				MTL_FAST_MATH = YES;
				ONLY_ACTIVE_ARCH = YES;
				SDKROOT = iphoneos;
				SWIFT_ACTIVE_COMPILATION_CONDITIONS = "DEBUG $(inherited)";
				SWIFT_OPTIMIZATION_LEVEL = "-Onone";
			};
			name = Debug;
		};
		3064DEA62B23492A0059FDE7 /* Release */ = {
			isa = XCBuildConfiguration;
			buildSettings = {
				ALWAYS_SEARCH_USER_PATHS = NO;
				ASSETCATALOG_COMPILER_GENERATE_SWIFT_ASSET_SYMBOL_EXTENSIONS = YES;
				CLANG_ANALYZER_NONNULL = YES;
				CLANG_ANALYZER_NUMBER_OBJECT_CONVERSION = YES_AGGRESSIVE;
				CLANG_CXX_LANGUAGE_STANDARD = "gnu++20";
				CLANG_ENABLE_MODULES = YES;
				CLANG_ENABLE_OBJC_ARC = YES;
				CLANG_ENABLE_OBJC_WEAK = YES;
				CLANG_WARN_BLOCK_CAPTURE_AUTORELEASING = YES;
				CLANG_WARN_BOOL_CONVERSION = YES;
				CLANG_WARN_COMMA = YES;
				CLANG_WARN_CONSTANT_CONVERSION = YES;
				CLANG_WARN_DEPRECATED_OBJC_IMPLEMENTATIONS = YES;
				CLANG_WARN_DIRECT_OBJC_ISA_USAGE = YES_ERROR;
				CLANG_WARN_DOCUMENTATION_COMMENTS = YES;
				CLANG_WARN_EMPTY_BODY = YES;
				CLANG_WARN_ENUM_CONVERSION = YES;
				CLANG_WARN_INFINITE_RECURSION = YES;
				CLANG_WARN_INT_CONVERSION = YES;
				CLANG_WARN_NON_LITERAL_NULL_CONVERSION = YES;
				CLANG_WARN_OBJC_IMPLICIT_RETAIN_SELF = YES;
				CLANG_WARN_OBJC_LITERAL_CONVERSION = YES;
				CLANG_WARN_OBJC_ROOT_CLASS = YES_ERROR;
				CLANG_WARN_QUOTED_INCLUDE_IN_FRAMEWORK_HEADER = YES;
				CLANG_WARN_RANGE_LOOP_ANALYSIS = YES;
				CLANG_WARN_STRICT_PROTOTYPES = YES;
				CLANG_WARN_SUSPICIOUS_MOVE = YES;
				CLANG_WARN_UNGUARDED_AVAILABILITY = YES_AGGRESSIVE;
				CLANG_WARN_UNREACHABLE_CODE = YES;
				CLANG_WARN__DUPLICATE_METHOD_MATCH = YES;
				COPY_PHASE_STRIP = NO;
				DEBUG_INFORMATION_FORMAT = "dwarf-with-dsym";
				ENABLE_NS_ASSERTIONS = NO;
				ENABLE_STRICT_OBJC_MSGSEND = YES;
				ENABLE_USER_SCRIPT_SANDBOXING = YES;
				GCC_C_LANGUAGE_STANDARD = gnu17;
				GCC_NO_COMMON_BLOCKS = YES;
				GCC_WARN_64_TO_32_BIT_CONVERSION = YES;
				GCC_WARN_ABOUT_RETURN_TYPE = YES_ERROR;
				GCC_WARN_UNDECLARED_SELECTOR = YES;
				GCC_WARN_UNINITIALIZED_AUTOS = YES_AGGRESSIVE;
				GCC_WARN_UNUSED_FUNCTION = YES;
				GCC_WARN_UNUSED_VARIABLE = YES;
				IPHONEOS_DEPLOYMENT_TARGET = 17.0;
				LOCALIZATION_PREFERS_STRING_CATALOGS = YES;
				MTL_ENABLE_DEBUG_INFO = NO;
				MTL_FAST_MATH = YES;
				SDKROOT = iphoneos;
				SWIFT_COMPILATION_MODE = wholemodule;
				VALIDATE_PRODUCT = YES;
			};
			name = Release;
		};
		3064DEA82B23492A0059FDE7 /* Debug */ = {
			isa = XCBuildConfiguration;
			buildSettings = {
				ASSETCATALOG_COMPILER_APPICON_NAME = AppIcon;
				ASSETCATALOG_COMPILER_GLOBAL_ACCENT_COLOR_NAME = AccentColor;
				CODE_SIGN_STYLE = Automatic;
				CURRENT_PROJECT_VERSION = 1;
				DEVELOPMENT_TEAM = 4YV748Z6YR;
				GENERATE_INFOPLIST_FILE = YES;
				INFOPLIST_FILE = AmazonTranslateSwift/Info.plist;
				INFOPLIST_KEY_UIApplicationSupportsIndirectInputEvents = YES;
				INFOPLIST_KEY_UILaunchStoryboardName = LaunchScreen;
				INFOPLIST_KEY_UIMainStoryboardFile = Main;
				INFOPLIST_KEY_UISupportedInterfaceOrientations_iPad = "UIInterfaceOrientationPortrait UIInterfaceOrientationPortraitUpsideDown UIInterfaceOrientationLandscapeLeft UIInterfaceOrientationLandscapeRight";
				INFOPLIST_KEY_UISupportedInterfaceOrientations_iPhone = "UIInterfaceOrientationPortrait UIInterfaceOrientationLandscapeLeft UIInterfaceOrientationLandscapeRight";
				LD_RUNPATH_SEARCH_PATHS = (
					"$(inherited)",
					"@executable_path/Frameworks",
				);
				MARKETING_VERSION = 1.0;
				PRODUCT_BUNDLE_IDENTIFIER = com.usyssoft.AmazonTranslateSwift;
				PRODUCT_NAME = "$(TARGET_NAME)";
				SWIFT_EMIT_LOC_STRINGS = YES;
				SWIFT_VERSION = 5.0;
				TARGETED_DEVICE_FAMILY = "1,2";
			};
			name = Debug;
		};
		3064DEA92B23492A0059FDE7 /* Release */ = {
			isa = XCBuildConfiguration;
			buildSettings = {
				ASSETCATALOG_COMPILER_APPICON_NAME = AppIcon;
				ASSETCATALOG_COMPILER_GLOBAL_ACCENT_COLOR_NAME = AccentColor;
				CODE_SIGN_STYLE = Automatic;
				CURRENT_PROJECT_VERSION = 1;
				DEVELOPMENT_TEAM = 4YV748Z6YR;
				GENERATE_INFOPLIST_FILE = YES;
				INFOPLIST_FILE = AmazonTranslateSwift/Info.plist;
				INFOPLIST_KEY_UIApplicationSupportsIndirectInputEvents = YES;
				INFOPLIST_KEY_UILaunchStoryboardName = LaunchScreen;
				INFOPLIST_KEY_UIMainStoryboardFile = Main;
				INFOPLIST_KEY_UISupportedInterfaceOrientations_iPad = "UIInterfaceOrientationPortrait UIInterfaceOrientationPortraitUpsideDown UIInterfaceOrientationLandscapeLeft UIInterfaceOrientationLandscapeRight";
				INFOPLIST_KEY_UISupportedInterfaceOrientations_iPhone = "UIInterfaceOrientationPortrait UIInterfaceOrientationLandscapeLeft UIInterfaceOrientationLandscapeRight";
				LD_RUNPATH_SEARCH_PATHS = (
					"$(inherited)",
					"@executable_path/Frameworks",
				);
				MARKETING_VERSION = 1.0;
				PRODUCT_BUNDLE_IDENTIFIER = com.usyssoft.AmazonTranslateSwift;
				PRODUCT_NAME = "$(TARGET_NAME)";
				SWIFT_EMIT_LOC_STRINGS = YES;
				SWIFT_VERSION = 5.0;
				TARGETED_DEVICE_FAMILY = "1,2";
			};
			name = Release;
		};
/* End XCBuildConfiguration section */

/* Begin XCConfigurationList section */
		3064DE8E2B2349290059FDE7 /* Build configuration list for PBXProject "AmazonTranslateSwift" */ = {
			isa = XCConfigurationList;
			buildConfigurations = (
				3064DEA52B23492A0059FDE7 /* Debug */,
				3064DEA62B23492A0059FDE7 /* Release */,
			);
			defaultConfigurationIsVisible = 0;
			defaultConfigurationName = Release;
		};
		3064DEA72B23492A0059FDE7 /* Build configuration list for PBXNativeTarget "AmazonTranslateSwift" */ = {
			isa = XCConfigurationList;
			buildConfigurations = (
				3064DEA82B23492A0059FDE7 /* Debug */,
				3064DEA92B23492A0059FDE7 /* Release */,
			);
			defaultConfigurationIsVisible = 0;
			defaultConfigurationName = Release;
		};
/* End XCConfigurationList section */

/* Begin XCRemoteSwiftPackageReference section */
		30560FCD2B3627C800D57CF4 /* XCRemoteSwiftPackageReference "aws-sdk-ios-spm" */ = {
			isa = XCRemoteSwiftPackageReference;
			repositoryURL = "https://github.com/aws-amplify/aws-sdk-ios-spm";
			requirement = {
				kind = upToNextMajorVersion;
				minimumVersion = 2.33.7;
			};
		};
/* End XCRemoteSwiftPackageReference section */

/* Begin XCSwiftPackageProductDependency section */
		305610282B3627C800D57CF4 /* AWSTranslate */ = {
			isa = XCSwiftPackageProductDependency;
			package = 30560FCD2B3627C800D57CF4 /* XCRemoteSwiftPackageReference "aws-sdk-ios-spm" */;
			productName = AWSTranslate;
		};
/* End XCSwiftPackageProductDependency section */
	};
	rootObject = 3064DE8B2B2349290059FDE7 /* Project object */;
}
